<?xml version="1.0" encoding="UTF-8"?>
<!DOCTYPE plist PUBLIC "-//Apple//DTD PLIST 1.0//EN" "http://www.apple.com/DTDs/PropertyList-1.0.dtd">
<plist version="1.0">
<dict>
	<key>archiveVersion</key>
	<string>1</string>
	<key>classes</key>
	<dict/>
	<key>objectVersion</key>
	<string>46</string>
	<key>objects</key>
	<dict>
		<key>07F7CB067DB88F6EF1E420C7</key>
		<dict>
			<key>includeInIndex</key>
			<string>1</string>
			<key>isa</key>
			<string>PBXFileReference</string>
			<key>lastKnownFileType</key>
			<string>text.xcconfig</string>
			<key>name</key>
			<string>Pods.release.xcconfig</string>
			<key>path</key>
			<string>Pods/Target Support Files/Pods/Pods.release.xcconfig</string>
			<key>sourceTree</key>
			<string>&lt;group&gt;</string>
		</dict>
		<key>0C66E6ED6F69004D1B7ECF2E</key>
		<dict>
			<key>includeInIndex</key>
			<string>1</string>
			<key>isa</key>
			<string>PBXFileReference</string>
			<key>lastKnownFileType</key>
			<string>text.xcconfig</string>
			<key>name</key>
			<string>Pods.debug.xcconfig</string>
			<key>path</key>
			<string>Pods/Target Support Files/Pods/Pods.debug.xcconfig</string>
			<key>sourceTree</key>
			<string>&lt;group&gt;</string>
		</dict>
		<key>3E3F8687590014A3B0AC68BA</key>
		<dict>
			<key>explicitFileType</key>
			<string>archive.ar</string>
			<key>includeInIndex</key>
			<string>0</string>
			<key>isa</key>
			<string>PBXFileReference</string>
			<key>path</key>
			<string>libPods.a</string>
			<key>sourceTree</key>
			<string>BUILT_PRODUCTS_DIR</string>
		</dict>
		<key>4E96E7DE19363B40500792B6</key>
		<dict>
			<key>buildActionMask</key>
			<string>2147483647</string>
			<key>files</key>
			<array/>
			<key>inputPaths</key>
			<array/>
			<key>isa</key>
			<string>PBXShellScriptBuildPhase</string>
			<key>name</key>
			<string>Copy Pods Resources</string>
			<key>outputPaths</key>
			<array/>
			<key>runOnlyForDeploymentPostprocessing</key>
			<string>0</string>
			<key>shellPath</key>
			<string>/bin/sh</string>
			<key>shellScript</key>
			<string>"${SRCROOT}/Pods/Target Support Files/Pods/Pods-resources.sh"
</string>
			<key>showEnvVarsInLog</key>
			<string>0</string>
		</dict>
		<key>553802794CE83838BD733F09</key>
		<dict>
			<key>buildActionMask</key>
			<string>2147483647</string>
			<key>files</key>
			<array/>
			<key>inputPaths</key>
			<array/>
			<key>isa</key>
			<string>PBXShellScriptBuildPhase</string>
			<key>name</key>
			<string>Check Pods Manifest.lock</string>
			<key>outputPaths</key>
			<array/>
			<key>runOnlyForDeploymentPostprocessing</key>
			<string>0</string>
			<key>shellPath</key>
			<string>/bin/sh</string>
			<key>shellScript</key>
			<string>diff "${PODS_ROOT}/../Podfile.lock" "${PODS_ROOT}/Manifest.lock" &gt; /dev/null
if [[ $? != 0 ]] ; then
    cat &lt;&lt; EOM
error: The sandbox is not in sync with the Podfile.lock. Run 'pod install' or update your CocoaPods installation.
EOM
    exit 1
fi
</string>
			<key>showEnvVarsInLog</key>
			<string>0</string>
		</dict>
		<key>59935593C782D823D891EB80</key>
		<dict>
			<key>fileRef</key>
			<string>3E3F8687590014A3B0AC68BA</string>
			<key>isa</key>
			<string>PBXBuildFile</string>
		</dict>
		<key>856433681ADB5EE100236735</key>
		<dict>
			<key>children</key>
			<array>
				<string>856433731ADB5EE100236735</string>
				<string>8564338D1ADB5EE100236735</string>
				<string>856433721ADB5EE100236735</string>
				<string>C0D58F8CB2827730A473D069</string>
				<string>BDACE4B6FE57E30BE92A1950</string>
			</array>
			<key>isa</key>
			<string>PBXGroup</string>
			<key>sourceTree</key>
			<string>&lt;group&gt;</string>
		</dict>
		<key>856433691ADB5EE100236735</key>
		<dict>
			<key>attributes</key>
			<dict>
				<key>LastUpgradeCheck</key>
				<string>0620</string>
				<key>ORGANIZATIONNAME</key>
				<string>DCF</string>
				<key>TargetAttributes</key>
				<dict>
					<key>856433701ADB5EE100236735</key>
					<dict>
						<key>CreatedOnToolsVersion</key>
						<string>6.2</string>
					</dict>
					<key>856433891ADB5EE100236735</key>
					<dict>
						<key>CreatedOnToolsVersion</key>
						<string>6.2</string>
						<key>TestTargetID</key>
						<string>856433701ADB5EE100236735</string>
					</dict>
				</dict>
			</dict>
			<key>buildConfigurationList</key>
			<string>8564336C1ADB5EE100236735</string>
			<key>compatibilityVersion</key>
			<string>Xcode 3.2</string>
			<key>developmentRegion</key>
			<string>English</string>
			<key>hasScannedForEncodings</key>
			<string>0</string>
			<key>isa</key>
			<string>PBXProject</string>
			<key>knownRegions</key>
			<array>
				<string>en</string>
				<string>Base</string>
			</array>
			<key>mainGroup</key>
			<string>856433681ADB5EE100236735</string>
			<key>productRefGroup</key>
			<string>856433721ADB5EE100236735</string>
			<key>projectDirPath</key>
			<string></string>
			<key>projectReferences</key>
			<array/>
			<key>projectRoot</key>
			<string></string>
			<key>targets</key>
			<array>
				<string>856433701ADB5EE100236735</string>
				<string>856433891ADB5EE100236735</string>
			</array>
		</dict>
		<key>8564336C1ADB5EE100236735</key>
		<dict>
			<key>buildConfigurations</key>
			<array>
				<string>856433921ADB5EE100236735</string>
				<string>856433931ADB5EE100236735</string>
			</array>
			<key>defaultConfigurationIsVisible</key>
			<string>0</string>
			<key>defaultConfigurationName</key>
			<string>Release</string>
			<key>isa</key>
			<string>XCConfigurationList</string>
		</dict>
		<key>8564336D1ADB5EE100236735</key>
		<dict>
			<key>buildActionMask</key>
			<string>2147483647</string>
			<key>files</key>
			<array>
				<string>859E1CB91ADCC88800761AEB</string>
				<string>8591F3E71AFB3745003389FC</string>
				<string>859E1CBD1ADCE07100761AEB</string>
				<string>8564337D1ADB5EE100236735</string>
				<string>859E1CB61ADCC87600761AEB</string>
				<string>8564339F1ADB63B400236735</string>
				<string>859E1CAC1ADCB58B00761AEB</string>
				<string>8564337A1ADB5EE100236735</string>
				<string>859E1CA91ADCB41C00761AEB</string>
				<string>856433A21ADB63BF00236735</string>
				<string>856433A51ADB63DB00236735</string>
				<string>859E1CC01ADCE1A700761AEB</string>
				<string>859E1CB31ADCC61D00761AEB</string>
				<string>856433771ADB5EE100236735</string>
			</array>
			<key>isa</key>
			<string>PBXSourcesBuildPhase</string>
			<key>runOnlyForDeploymentPostprocessing</key>
			<string>0</string>
		</dict>
		<key>8564336E1ADB5EE100236735</key>
		<dict>
			<key>buildActionMask</key>
			<string>2147483647</string>
			<key>files</key>
			<array>
				<string>59935593C782D823D891EB80</string>
			</array>
			<key>isa</key>
			<string>PBXFrameworksBuildPhase</string>
			<key>runOnlyForDeploymentPostprocessing</key>
			<string>0</string>
		</dict>
		<key>8564336F1ADB5EE100236735</key>
		<dict>
			<key>buildActionMask</key>
			<string>2147483647</string>
			<key>files</key>
			<array>
				<string>856433801ADB5EE100236735</string>
				<string>859E1CB01ADCBD5500761AEB</string>
				<string>856433851ADB5EE100236735</string>
				<string>856433821ADB5EE100236735</string>
			</array>
			<key>isa</key>
			<string>PBXResourcesBuildPhase</string>
			<key>runOnlyForDeploymentPostprocessing</key>
			<string>0</string>
		</dict>
		<key>856433701ADB5EE100236735</key>
		<dict>
			<key>buildConfigurationList</key>
			<string>856433941ADB5EE100236735</string>
			<key>buildPhases</key>
			<array>
				<string>553802794CE83838BD733F09</string>
				<string>8564336D1ADB5EE100236735</string>
				<string>8564336E1ADB5EE100236735</string>
				<string>8564336F1ADB5EE100236735</string>
				<string>4E96E7DE19363B40500792B6</string>
			</array>
			<key>buildRules</key>
			<array/>
			<key>dependencies</key>
			<array/>
			<key>isa</key>
			<string>PBXNativeTarget</string>
			<key>name</key>
			<string>AppRouterDemo</string>
			<key>productName</key>
			<string>AppRouterDemo</string>
			<key>productReference</key>
			<string>856433711ADB5EE100236735</string>
			<key>productType</key>
			<string>com.apple.product-type.application</string>
		</dict>
		<key>856433711ADB5EE100236735</key>
		<dict>
			<key>explicitFileType</key>
			<string>wrapper.application</string>
			<key>includeInIndex</key>
			<string>0</string>
			<key>isa</key>
			<string>PBXFileReference</string>
			<key>path</key>
			<string>AppRouterDemo.app</string>
			<key>sourceTree</key>
			<string>BUILT_PRODUCTS_DIR</string>
		</dict>
		<key>856433721ADB5EE100236735</key>
		<dict>
			<key>children</key>
			<array>
				<string>856433711ADB5EE100236735</string>
				<string>8564338A1ADB5EE100236735</string>
			</array>
			<key>isa</key>
			<string>PBXGroup</string>
			<key>name</key>
			<string>Products</string>
			<key>sourceTree</key>
			<string>&lt;group&gt;</string>
		</dict>
		<key>856433731ADB5EE100236735</key>
		<dict>
			<key>children</key>
			<array>
				<string>859E1CAF1ADCBD5500761AEB</string>
				<string>859E1CC11ADCE3E700761AEB</string>
				<string>8564339C1ADB638E00236735</string>
				<string>8564339B1ADB637300236735</string>
				<string>8564339A1ADB636C00236735</string>
				<string>856433781ADB5EE100236735</string>
				<string>856433791ADB5EE100236735</string>
				<string>8564337B1ADB5EE100236735</string>
				<string>8564337C1ADB5EE100236735</string>
				<string>8564337E1ADB5EE100236735</string>
				<string>856433811ADB5EE100236735</string>
				<string>856433831ADB5EE100236735</string>
				<string>856433741ADB5EE100236735</string>
			</array>
			<key>isa</key>
			<string>PBXGroup</string>
			<key>path</key>
			<string>AppRouterDemo</string>
			<key>sourceTree</key>
			<string>&lt;group&gt;</string>
		</dict>
		<key>856433741ADB5EE100236735</key>
		<dict>
			<key>children</key>
			<array>
				<string>856433751ADB5EE100236735</string>
				<string>856433761ADB5EE100236735</string>
			</array>
			<key>isa</key>
			<string>PBXGroup</string>
			<key>name</key>
			<string>Supporting Files</string>
			<key>path</key>
			<string>Supporting Files</string>
			<key>sourceTree</key>
			<string>&lt;group&gt;</string>
		</dict>
		<key>856433751ADB5EE100236735</key>
		<dict>
			<key>isa</key>
			<string>PBXFileReference</string>
			<key>lastKnownFileType</key>
			<string>text.plist.xml</string>
			<key>path</key>
			<string>Info.plist</string>
			<key>sourceTree</key>
			<string>&lt;group&gt;</string>
		</dict>
		<key>856433761ADB5EE100236735</key>
		<dict>
			<key>isa</key>
			<string>PBXFileReference</string>
			<key>lastKnownFileType</key>
			<string>sourcecode.c.objc</string>
			<key>path</key>
			<string>main.m</string>
			<key>sourceTree</key>
			<string>&lt;group&gt;</string>
		</dict>
		<key>856433771ADB5EE100236735</key>
		<dict>
			<key>fileRef</key>
			<string>856433761ADB5EE100236735</string>
			<key>isa</key>
			<string>PBXBuildFile</string>
		</dict>
		<key>856433781ADB5EE100236735</key>
		<dict>
			<key>isa</key>
			<string>PBXFileReference</string>
			<key>lastKnownFileType</key>
			<string>sourcecode.c.h</string>
			<key>path</key>
			<string>AppDelegate.h</string>
			<key>sourceTree</key>
			<string>&lt;group&gt;</string>
		</dict>
		<key>856433791ADB5EE100236735</key>
		<dict>
			<key>isa</key>
			<string>PBXFileReference</string>
			<key>lastKnownFileType</key>
			<string>sourcecode.c.objc</string>
			<key>path</key>
			<string>AppDelegate.m</string>
			<key>sourceTree</key>
			<string>&lt;group&gt;</string>
		</dict>
		<key>8564337A1ADB5EE100236735</key>
		<dict>
			<key>fileRef</key>
			<string>856433791ADB5EE100236735</string>
			<key>isa</key>
			<string>PBXBuildFile</string>
		</dict>
		<key>8564337B1ADB5EE100236735</key>
		<dict>
			<key>isa</key>
			<string>PBXFileReference</string>
			<key>lastKnownFileType</key>
			<string>sourcecode.c.h</string>
			<key>path</key>
			<string>ViewController.h</string>
			<key>sourceTree</key>
			<string>&lt;group&gt;</string>
		</dict>
		<key>8564337C1ADB5EE100236735</key>
		<dict>
			<key>isa</key>
			<string>PBXFileReference</string>
			<key>lastKnownFileType</key>
			<string>sourcecode.c.objc</string>
			<key>path</key>
			<string>ViewController.m</string>
			<key>sourceTree</key>
			<string>&lt;group&gt;</string>
		</dict>
		<key>8564337D1ADB5EE100236735</key>
		<dict>
			<key>fileRef</key>
			<string>8564337C1ADB5EE100236735</string>
			<key>isa</key>
			<string>PBXBuildFile</string>
		</dict>
		<key>8564337E1ADB5EE100236735</key>
		<dict>
			<key>children</key>
			<array>
				<string>8564337F1ADB5EE100236735</string>
			</array>
			<key>isa</key>
			<string>PBXVariantGroup</string>
			<key>name</key>
			<string>Main.storyboard</string>
			<key>sourceTree</key>
			<string>&lt;group&gt;</string>
		</dict>
		<key>8564337F1ADB5EE100236735</key>
		<dict>
			<key>isa</key>
			<string>PBXFileReference</string>
			<key>lastKnownFileType</key>
			<string>file.storyboard</string>
			<key>name</key>
			<string>Base</string>
			<key>path</key>
			<string>Base.lproj/Main.storyboard</string>
			<key>sourceTree</key>
			<string>&lt;group&gt;</string>
		</dict>
		<key>856433801ADB5EE100236735</key>
		<dict>
			<key>fileRef</key>
			<string>8564337E1ADB5EE100236735</string>
			<key>isa</key>
			<string>PBXBuildFile</string>
		</dict>
		<key>856433811ADB5EE100236735</key>
		<dict>
			<key>isa</key>
			<string>PBXFileReference</string>
			<key>lastKnownFileType</key>
			<string>folder.assetcatalog</string>
			<key>path</key>
			<string>Images.xcassets</string>
			<key>sourceTree</key>
			<string>&lt;group&gt;</string>
		</dict>
		<key>856433821ADB5EE100236735</key>
		<dict>
			<key>fileRef</key>
			<string>856433811ADB5EE100236735</string>
			<key>isa</key>
			<string>PBXBuildFile</string>
		</dict>
		<key>856433831ADB5EE100236735</key>
		<dict>
			<key>children</key>
			<array>
				<string>856433841ADB5EE100236735</string>
			</array>
			<key>isa</key>
			<string>PBXVariantGroup</string>
			<key>name</key>
			<string>LaunchScreen.xib</string>
			<key>sourceTree</key>
			<string>&lt;group&gt;</string>
		</dict>
		<key>856433841ADB5EE100236735</key>
		<dict>
			<key>isa</key>
			<string>PBXFileReference</string>
			<key>lastKnownFileType</key>
			<string>file.xib</string>
			<key>name</key>
			<string>Base</string>
			<key>path</key>
			<string>Base.lproj/LaunchScreen.xib</string>
			<key>sourceTree</key>
			<string>&lt;group&gt;</string>
		</dict>
		<key>856433851ADB5EE100236735</key>
		<dict>
			<key>fileRef</key>
			<string>856433831ADB5EE100236735</string>
			<key>isa</key>
			<string>PBXBuildFile</string>
		</dict>
		<key>856433861ADB5EE100236735</key>
		<dict>
			<key>buildActionMask</key>
			<string>2147483647</string>
			<key>files</key>
			<array>
				<string>856433911ADB5EE100236735</string>
			</array>
			<key>isa</key>
			<string>PBXSourcesBuildPhase</string>
			<key>runOnlyForDeploymentPostprocessing</key>
			<string>0</string>
		</dict>
		<key>856433871ADB5EE100236735</key>
		<dict>
			<key>buildActionMask</key>
			<string>2147483647</string>
			<key>files</key>
			<array/>
			<key>isa</key>
			<string>PBXFrameworksBuildPhase</string>
			<key>runOnlyForDeploymentPostprocessing</key>
			<string>0</string>
		</dict>
		<key>856433881ADB5EE100236735</key>
		<dict>
			<key>buildActionMask</key>
			<string>2147483647</string>
			<key>files</key>
			<array/>
			<key>isa</key>
			<string>PBXResourcesBuildPhase</string>
			<key>runOnlyForDeploymentPostprocessing</key>
			<string>0</string>
		</dict>
		<key>856433891ADB5EE100236735</key>
		<dict>
			<key>buildConfigurationList</key>
			<string>856433971ADB5EE100236735</string>
			<key>buildPhases</key>
			<array>
				<string>856433861ADB5EE100236735</string>
				<string>856433871ADB5EE100236735</string>
				<string>856433881ADB5EE100236735</string>
			</array>
			<key>buildRules</key>
			<array/>
			<key>dependencies</key>
			<array>
				<string>8564338C1ADB5EE100236735</string>
			</array>
			<key>isa</key>
			<string>PBXNativeTarget</string>
			<key>name</key>
			<string>AppRouterDemoTests</string>
			<key>productName</key>
			<string>AppRouterDemoTests</string>
			<key>productReference</key>
			<string>8564338A1ADB5EE100236735</string>
			<key>productType</key>
			<string>com.apple.product-type.bundle.unit-test</string>
		</dict>
		<key>8564338A1ADB5EE100236735</key>
		<dict>
			<key>explicitFileType</key>
			<string>wrapper.cfbundle</string>
			<key>includeInIndex</key>
			<string>0</string>
			<key>isa</key>
			<string>PBXFileReference</string>
			<key>path</key>
			<string>AppRouterDemoTests.xctest</string>
			<key>sourceTree</key>
			<string>BUILT_PRODUCTS_DIR</string>
		</dict>
		<key>8564338B1ADB5EE100236735</key>
		<dict>
			<key>containerPortal</key>
			<string>856433691ADB5EE100236735</string>
			<key>isa</key>
			<string>PBXContainerItemProxy</string>
			<key>proxyType</key>
			<string>1</string>
			<key>remoteGlobalIDString</key>
			<string>856433701ADB5EE100236735</string>
			<key>remoteInfo</key>
			<string>AppRouterDemo</string>
		</dict>
		<key>8564338C1ADB5EE100236735</key>
		<dict>
			<key>isa</key>
			<string>PBXTargetDependency</string>
			<key>target</key>
			<string>856433701ADB5EE100236735</string>
			<key>targetProxy</key>
			<string>8564338B1ADB5EE100236735</string>
		</dict>
		<key>8564338D1ADB5EE100236735</key>
		<dict>
			<key>children</key>
			<array>
				<string>856433901ADB5EE100236735</string>
				<string>8564338E1ADB5EE100236735</string>
			</array>
			<key>isa</key>
			<string>PBXGroup</string>
			<key>path</key>
			<string>AppRouterDemoTests</string>
			<key>sourceTree</key>
			<string>&lt;group&gt;</string>
		</dict>
		<key>8564338E1ADB5EE100236735</key>
		<dict>
			<key>children</key>
			<array>
				<string>8564338F1ADB5EE100236735</string>
			</array>
			<key>isa</key>
			<string>PBXGroup</string>
			<key>name</key>
			<string>Supporting Files</string>
			<key>path</key>
			<string>Supporting Files</string>
			<key>sourceTree</key>
			<string>&lt;group&gt;</string>
		</dict>
		<key>8564338F1ADB5EE100236735</key>
		<dict>
			<key>isa</key>
			<string>PBXFileReference</string>
			<key>lastKnownFileType</key>
			<string>text.plist.xml</string>
			<key>path</key>
			<string>Info.plist</string>
			<key>sourceTree</key>
			<string>&lt;group&gt;</string>
		</dict>
		<key>856433901ADB5EE100236735</key>
		<dict>
			<key>isa</key>
			<string>PBXFileReference</string>
			<key>lastKnownFileType</key>
			<string>sourcecode.c.objc</string>
			<key>path</key>
			<string>AppRouterDemoTests.m</string>
			<key>sourceTree</key>
			<string>&lt;group&gt;</string>
		</dict>
		<key>856433911ADB5EE100236735</key>
		<dict>
			<key>fileRef</key>
			<string>856433901ADB5EE100236735</string>
			<key>isa</key>
			<string>PBXBuildFile</string>
		</dict>
		<key>856433921ADB5EE100236735</key>
		<dict>
			<key>buildSettings</key>
			<dict>
				<key>ALWAYS_SEARCH_USER_PATHS</key>
				<string>NO</string>
				<key>CLANG_CXX_LANGUAGE_STANDARD</key>
				<string>gnu++0x</string>
				<key>CLANG_CXX_LIBRARY</key>
				<string>libc++</string>
				<key>CLANG_ENABLE_MODULES</key>
				<string>YES</string>
				<key>CLANG_ENABLE_OBJC_ARC</key>
				<string>YES</string>
				<key>CLANG_WARN_BOOL_CONVERSION</key>
				<string>YES</string>
				<key>CLANG_WARN_CONSTANT_CONVERSION</key>
				<string>YES</string>
				<key>CLANG_WARN_DIRECT_OBJC_ISA_USAGE</key>
				<string>YES_ERROR</string>
				<key>CLANG_WARN_EMPTY_BODY</key>
				<string>YES</string>
				<key>CLANG_WARN_ENUM_CONVERSION</key>
				<string>YES</string>
				<key>CLANG_WARN_INT_CONVERSION</key>
				<string>YES</string>
				<key>CLANG_WARN_OBJC_ROOT_CLASS</key>
				<string>YES_ERROR</string>
				<key>CLANG_WARN_UNREACHABLE_CODE</key>
				<string>YES</string>
				<key>CLANG_WARN__DUPLICATE_METHOD_MATCH</key>
				<string>YES</string>
				<key>CODE_SIGN_IDENTITY[sdk=iphoneos*]</key>
				<string>iPhone Developer</string>
				<key>COPY_PHASE_STRIP</key>
				<string>NO</string>
				<key>ENABLE_STRICT_OBJC_MSGSEND</key>
				<string>YES</string>
				<key>GCC_C_LANGUAGE_STANDARD</key>
				<string>gnu99</string>
				<key>GCC_DYNAMIC_NO_PIC</key>
				<string>NO</string>
				<key>GCC_OPTIMIZATION_LEVEL</key>
				<string>0</string>
				<key>GCC_PREPROCESSOR_DEFINITIONS</key>
				<array>
					<string>DEBUG=1</string>
					<string>$(inherited)</string>
				</array>
				<key>GCC_SYMBOLS_PRIVATE_EXTERN</key>
				<string>NO</string>
				<key>GCC_WARN_64_TO_32_BIT_CONVERSION</key>
				<string>YES</string>
				<key>GCC_WARN_ABOUT_RETURN_TYPE</key>
				<string>YES_ERROR</string>
				<key>GCC_WARN_UNDECLARED_SELECTOR</key>
				<string>YES</string>
				<key>GCC_WARN_UNINITIALIZED_AUTOS</key>
				<string>YES_AGGRESSIVE</string>
				<key>GCC_WARN_UNUSED_FUNCTION</key>
				<string>YES</string>
				<key>GCC_WARN_UNUSED_VARIABLE</key>
				<string>YES</string>
				<key>IPHONEOS_DEPLOYMENT_TARGET</key>
				<string>8.2</string>
				<key>MTL_ENABLE_DEBUG_INFO</key>
				<string>YES</string>
				<key>ONLY_ACTIVE_ARCH</key>
				<string>YES</string>
				<key>SDKROOT</key>
				<string>iphoneos</string>
			</dict>
			<key>isa</key>
			<string>XCBuildConfiguration</string>
			<key>name</key>
			<string>Debug</string>
		</dict>
		<key>856433931ADB5EE100236735</key>
		<dict>
			<key>buildSettings</key>
			<dict>
				<key>ALWAYS_SEARCH_USER_PATHS</key>
				<string>NO</string>
				<key>CLANG_CXX_LANGUAGE_STANDARD</key>
				<string>gnu++0x</string>
				<key>CLANG_CXX_LIBRARY</key>
				<string>libc++</string>
				<key>CLANG_ENABLE_MODULES</key>
				<string>YES</string>
				<key>CLANG_ENABLE_OBJC_ARC</key>
				<string>YES</string>
				<key>CLANG_WARN_BOOL_CONVERSION</key>
				<string>YES</string>
				<key>CLANG_WARN_CONSTANT_CONVERSION</key>
				<string>YES</string>
				<key>CLANG_WARN_DIRECT_OBJC_ISA_USAGE</key>
				<string>YES_ERROR</string>
				<key>CLANG_WARN_EMPTY_BODY</key>
				<string>YES</string>
				<key>CLANG_WARN_ENUM_CONVERSION</key>
				<string>YES</string>
				<key>CLANG_WARN_INT_CONVERSION</key>
				<string>YES</string>
				<key>CLANG_WARN_OBJC_ROOT_CLASS</key>
				<string>YES_ERROR</string>
				<key>CLANG_WARN_UNREACHABLE_CODE</key>
				<string>YES</string>
				<key>CLANG_WARN__DUPLICATE_METHOD_MATCH</key>
				<string>YES</string>
				<key>CODE_SIGN_IDENTITY[sdk=iphoneos*]</key>
				<string>iPhone Developer</string>
				<key>COPY_PHASE_STRIP</key>
				<string>NO</string>
				<key>ENABLE_NS_ASSERTIONS</key>
				<string>NO</string>
				<key>ENABLE_STRICT_OBJC_MSGSEND</key>
				<string>YES</string>
				<key>GCC_C_LANGUAGE_STANDARD</key>
				<string>gnu99</string>
				<key>GCC_WARN_64_TO_32_BIT_CONVERSION</key>
				<string>YES</string>
				<key>GCC_WARN_ABOUT_RETURN_TYPE</key>
				<string>YES_ERROR</string>
				<key>GCC_WARN_UNDECLARED_SELECTOR</key>
				<string>YES</string>
				<key>GCC_WARN_UNINITIALIZED_AUTOS</key>
				<string>YES_AGGRESSIVE</string>
				<key>GCC_WARN_UNUSED_FUNCTION</key>
				<string>YES</string>
				<key>GCC_WARN_UNUSED_VARIABLE</key>
				<string>YES</string>
				<key>IPHONEOS_DEPLOYMENT_TARGET</key>
				<string>8.2</string>
				<key>MTL_ENABLE_DEBUG_INFO</key>
				<string>NO</string>
				<key>SDKROOT</key>
				<string>iphoneos</string>
				<key>VALIDATE_PRODUCT</key>
				<string>YES</string>
			</dict>
			<key>isa</key>
			<string>XCBuildConfiguration</string>
			<key>name</key>
			<string>Release</string>
		</dict>
		<key>856433941ADB5EE100236735</key>
		<dict>
			<key>buildConfigurations</key>
			<array>
				<string>856433951ADB5EE100236735</string>
				<string>856433961ADB5EE100236735</string>
			</array>
			<key>defaultConfigurationIsVisible</key>
			<string>0</string>
			<key>defaultConfigurationName</key>
			<string>Release</string>
			<key>isa</key>
			<string>XCConfigurationList</string>
		</dict>
		<key>856433951ADB5EE100236735</key>
		<dict>
			<key>baseConfigurationReference</key>
			<string>0C66E6ED6F69004D1B7ECF2E</string>
			<key>buildSettings</key>
			<dict>
				<key>ASSETCATALOG_COMPILER_APPICON_NAME</key>
				<string>AppIcon</string>
				<key>INFOPLIST_FILE</key>
				<string>AppRouterDemo/Supporting Files/Info.plist</string>
				<key>LD_RUNPATH_SEARCH_PATHS</key>
				<string>$(inherited) @executable_path/Frameworks</string>
				<key>PRODUCT_NAME</key>
				<string>$(TARGET_NAME)</string>
			</dict>
			<key>isa</key>
			<string>XCBuildConfiguration</string>
			<key>name</key>
			<string>Debug</string>
		</dict>
		<key>856433961ADB5EE100236735</key>
		<dict>
			<key>baseConfigurationReference</key>
			<string>07F7CB067DB88F6EF1E420C7</string>
			<key>buildSettings</key>
			<dict>
				<key>ASSETCATALOG_COMPILER_APPICON_NAME</key>
				<string>AppIcon</string>
				<key>INFOPLIST_FILE</key>
				<string>AppRouterDemo/Supporting Files/Info.plist</string>
				<key>LD_RUNPATH_SEARCH_PATHS</key>
				<string>$(inherited) @executable_path/Frameworks</string>
				<key>PRODUCT_NAME</key>
				<string>$(TARGET_NAME)</string>
			</dict>
			<key>isa</key>
			<string>XCBuildConfiguration</string>
			<key>name</key>
			<string>Release</string>
		</dict>
		<key>856433971ADB5EE100236735</key>
		<dict>
			<key>buildConfigurations</key>
			<array>
				<string>856433981ADB5EE100236735</string>
				<string>856433991ADB5EE100236735</string>
			</array>
			<key>defaultConfigurationIsVisible</key>
			<string>0</string>
			<key>defaultConfigurationName</key>
			<string>Release</string>
			<key>isa</key>
			<string>XCConfigurationList</string>
		</dict>
		<key>856433981ADB5EE100236735</key>
		<dict>
			<key>buildSettings</key>
			<dict>
				<key>BUNDLE_LOADER</key>
				<string>$(TEST_HOST)</string>
				<key>FRAMEWORK_SEARCH_PATHS</key>
				<array>
					<string>$(SDKROOT)/Developer/Library/Frameworks</string>
					<string>$(inherited)</string>
				</array>
				<key>GCC_PREPROCESSOR_DEFINITIONS</key>
				<array>
					<string>DEBUG=1</string>
					<string>$(inherited)</string>
				</array>
				<key>INFOPLIST_FILE</key>
				<string>AppRouterDemoTests/Supporting Files/Info.plist</string>
				<key>LD_RUNPATH_SEARCH_PATHS</key>
				<string>$(inherited) @executable_path/Frameworks @loader_path/Frameworks</string>
				<key>PRODUCT_NAME</key>
				<string>$(TARGET_NAME)</string>
				<key>TEST_HOST</key>
				<string>$(BUILT_PRODUCTS_DIR)/AppRouterDemo.app/AppRouterDemo</string>
			</dict>
			<key>isa</key>
			<string>XCBuildConfiguration</string>
			<key>name</key>
			<string>Debug</string>
		</dict>
		<key>856433991ADB5EE100236735</key>
		<dict>
			<key>buildSettings</key>
			<dict>
				<key>BUNDLE_LOADER</key>
				<string>$(TEST_HOST)</string>
				<key>FRAMEWORK_SEARCH_PATHS</key>
				<array>
					<string>$(SDKROOT)/Developer/Library/Frameworks</string>
					<string>$(inherited)</string>
				</array>
				<key>INFOPLIST_FILE</key>
				<string>AppRouterDemoTests/Supporting Files/Info.plist</string>
				<key>LD_RUNPATH_SEARCH_PATHS</key>
				<string>$(inherited) @executable_path/Frameworks @loader_path/Frameworks</string>
				<key>PRODUCT_NAME</key>
				<string>$(TARGET_NAME)</string>
				<key>TEST_HOST</key>
				<string>$(BUILT_PRODUCTS_DIR)/AppRouterDemo.app/AppRouterDemo</string>
			</dict>
			<key>isa</key>
			<string>XCBuildConfiguration</string>
			<key>name</key>
			<string>Release</string>
		</dict>
		<key>8564339A1ADB636C00236735</key>
		<dict>
			<key>children</key>
			<array>
				<string>856433A31ADB63DB00236735</string>
				<string>856433A41ADB63DB00236735</string>
				<string>859E1CB71ADCC88800761AEB</string>
				<string>859E1CB81ADCC88800761AEB</string>
			</array>
			<key>isa</key>
			<string>PBXGroup</string>
			<key>name</key>
			<string>Account</string>
			<key>path</key>
			<string>Account</string>
			<key>sourceTree</key>
			<string>&lt;group&gt;</string>
		</dict>
		<key>8564339B1ADB637300236735</key>
		<dict>
			<key>children</key>
			<array>
				<string>856433A01ADB63BF00236735</string>
				<string>856433A11ADB63BF00236735</string>
				<string>859E1CB41ADCC87600761AEB</string>
				<string>859E1CB51ADCC87600761AEB</string>
			</array>
			<key>isa</key>
			<string>PBXGroup</string>
			<key>name</key>
			<string>Payment</string>
			<key>path</key>
			<string>Payment</string>
			<key>sourceTree</key>
			<string>&lt;group&gt;</string>
		</dict>
		<key>8564339C1ADB638E00236735</key>
		<dict>
			<key>children</key>
			<array>
				<string>8564339D1ADB63B400236735</string>
				<string>8564339E1ADB63B400236735</string>
				<string>859E1CB11ADCC61D00761AEB</string>
				<string>859E1CB21ADCC61D00761AEB</string>
			</array>
			<key>isa</key>
			<string>PBXGroup</string>
			<key>name</key>
			<string>System</string>
			<key>path</key>
			<string>System</string>
			<key>sourceTree</key>
			<string>&lt;group&gt;</string>
		</dict>
		<key>8564339D1ADB63B400236735</key>
		<dict>
			<key>fileEncoding</key>
			<string>4</string>
			<key>isa</key>
			<string>PBXFileReference</string>
			<key>lastKnownFileType</key>
			<string>sourcecode.c.h</string>
			<key>path</key>
			<string>SystemViewController.h</string>
			<key>sourceTree</key>
			<string>&lt;group&gt;</string>
		</dict>
		<key>8564339E1ADB63B400236735</key>
		<dict>
			<key>fileEncoding</key>
			<string>4</string>
			<key>isa</key>
			<string>PBXFileReference</string>
			<key>lastKnownFileType</key>
			<string>sourcecode.c.objc</string>
			<key>path</key>
			<string>SystemViewController.m</string>
			<key>sourceTree</key>
			<string>&lt;group&gt;</string>
		</dict>
		<key>8564339F1ADB63B400236735</key>
		<dict>
			<key>fileRef</key>
			<string>8564339E1ADB63B400236735</string>
			<key>isa</key>
			<string>PBXBuildFile</string>
		</dict>
		<key>856433A01ADB63BF00236735</key>
		<dict>
			<key>fileEncoding</key>
			<string>4</string>
			<key>isa</key>
			<string>PBXFileReference</string>
			<key>lastKnownFileType</key>
			<string>sourcecode.c.h</string>
			<key>path</key>
			<string>PaymentViewController.h</string>
			<key>sourceTree</key>
			<string>&lt;group&gt;</string>
		</dict>
		<key>856433A11ADB63BF00236735</key>
		<dict>
			<key>fileEncoding</key>
			<string>4</string>
			<key>isa</key>
			<string>PBXFileReference</string>
			<key>lastKnownFileType</key>
			<string>sourcecode.c.objc</string>
			<key>path</key>
			<string>PaymentViewController.m</string>
			<key>sourceTree</key>
			<string>&lt;group&gt;</string>
		</dict>
		<key>856433A21ADB63BF00236735</key>
		<dict>
			<key>fileRef</key>
			<string>856433A11ADB63BF00236735</string>
			<key>isa</key>
			<string>PBXBuildFile</string>
		</dict>
		<key>856433A31ADB63DB00236735</key>
		<dict>
			<key>fileEncoding</key>
			<string>4</string>
			<key>isa</key>
			<string>PBXFileReference</string>
			<key>lastKnownFileType</key>
			<string>sourcecode.c.h</string>
			<key>path</key>
			<string>AccountViewController.h</string>
			<key>sourceTree</key>
			<string>&lt;group&gt;</string>
		</dict>
		<key>856433A41ADB63DB00236735</key>
		<dict>
			<key>fileEncoding</key>
			<string>4</string>
			<key>isa</key>
			<string>PBXFileReference</string>
			<key>lastKnownFileType</key>
			<string>sourcecode.c.objc</string>
			<key>path</key>
			<string>AccountViewController.m</string>
			<key>sourceTree</key>
			<string>&lt;group&gt;</string>
		</dict>
		<key>856433A51ADB63DB00236735</key>
		<dict>
			<key>fileRef</key>
			<string>856433A41ADB63DB00236735</string>
			<key>isa</key>
			<string>PBXBuildFile</string>
		</dict>
		<key>8591F3E51AFB3745003389FC</key>
		<dict>
			<key>fileEncoding</key>
			<string>4</string>
			<key>isa</key>
			<string>PBXFileReference</string>
			<key>lastKnownFileType</key>
			<string>sourcecode.c.h</string>
			<key>path</key>
			<string>EnumParser.h</string>
			<key>sourceTree</key>
			<string>&lt;group&gt;</string>
		</dict>
		<key>8591F3E61AFB3745003389FC</key>
		<dict>
			<key>fileEncoding</key>
			<string>4</string>
			<key>isa</key>
			<string>PBXFileReference</string>
			<key>lastKnownFileType</key>
			<string>sourcecode.c.objc</string>
			<key>path</key>
			<string>EnumParser.m</string>
			<key>sourceTree</key>
			<string>&lt;group&gt;</string>
		</dict>
		<key>8591F3E71AFB3745003389FC</key>
		<dict>
			<key>fileRef</key>
			<string>8591F3E61AFB3745003389FC</string>
			<key>isa</key>
			<string>PBXBuildFile</string>
		</dict>
		<key>859E1CA71ADCB41C00761AEB</key>
		<dict>
			<key>fileEncoding</key>
			<string>4</string>
			<key>isa</key>
			<string>PBXFileReference</string>
			<key>lastKnownFileType</key>
			<string>sourcecode.c.h</string>
			<key>path</key>
			<string>AppHub.h</string>
			<key>sourceTree</key>
			<string>&lt;group&gt;</string>
		</dict>
		<key>859E1CA81ADCB41C00761AEB</key>
		<dict>
			<key>fileEncoding</key>
			<string>4</string>
			<key>isa</key>
			<string>PBXFileReference</string>
			<key>lastKnownFileType</key>
			<string>sourcecode.c.objc</string>
			<key>path</key>
			<string>AppHub.m</string>
			<key>sourceTree</key>
			<string>&lt;group&gt;</string>
		</dict>
		<key>859E1CA91ADCB41C00761AEB</key>
		<dict>
			<key>fileRef</key>
			<string>859E1CA81ADCB41C00761AEB</string>
			<key>isa</key>
			<string>PBXBuildFile</string>
		</dict>
		<key>859E1CAA1ADCB58B00761AEB</key>
		<dict>
			<key>fileEncoding</key>
			<string>4</string>
			<key>isa</key>
			<string>PBXFileReference</string>
			<key>lastKnownFileType</key>
			<string>sourcecode.c.h</string>
			<key>path</key>
			<string>AppEvent.h</string>
			<key>sourceTree</key>
			<string>&lt;group&gt;</string>
		</dict>
		<key>859E1CAB1ADCB58B00761AEB</key>
		<dict>
			<key>fileEncoding</key>
			<string>4</string>
			<key>isa</key>
			<string>PBXFileReference</string>
			<key>lastKnownFileType</key>
			<string>sourcecode.c.objc</string>
			<key>path</key>
			<string>AppEvent.m</string>
			<key>sourceTree</key>
			<string>&lt;group&gt;</string>
		</dict>
		<key>859E1CAC1ADCB58B00761AEB</key>
		<dict>
			<key>fileRef</key>
			<string>859E1CAB1ADCB58B00761AEB</string>
			<key>isa</key>
			<string>PBXBuildFile</string>
		</dict>
		<key>859E1CAD1ADCB61B00761AEB</key>
		<dict>
			<key>fileEncoding</key>
			<string>4</string>
			<key>isa</key>
			<string>PBXFileReference</string>
			<key>lastKnownFileType</key>
			<string>sourcecode.c.h</string>
			<key>name</key>
			<string>AppConstants.h</string>
			<key>path</key>
			<string>AppConstants.h</string>
			<key>sourceTree</key>
			<string>&lt;group&gt;</string>
		</dict>
		<key>859E1CAE1ADCB67E00761AEB</key>
		<dict>
			<key>isa</key>
			<string>PBXFileReference</string>
			<key>lastKnownFileType</key>
			<string>sourcecode.c.h</string>
			<key>path</key>
			<string>AppEnums.h</string>
			<key>sourceTree</key>
			<string>&lt;group&gt;</string>
		</dict>
		<key>859E1CAF1ADCBD5500761AEB</key>
		<dict>
			<key>fileEncoding</key>
			<string>4</string>
			<key>isa</key>
			<string>PBXFileReference</string>
			<key>lastKnownFileType</key>
			<string>text.json</string>
			<key>path</key>
			<string>routerEvents.json</string>
			<key>sourceTree</key>
			<string>&lt;group&gt;</string>
		</dict>
		<key>859E1CB01ADCBD5500761AEB</key>
		<dict>
			<key>fileRef</key>
			<string>859E1CAF1ADCBD5500761AEB</string>
			<key>isa</key>
			<string>PBXBuildFile</string>
		</dict>
		<key>859E1CB11ADCC61D00761AEB</key>
		<dict>
			<key>fileEncoding</key>
			<string>4</string>
			<key>isa</key>
			<string>PBXFileReference</string>
			<key>lastKnownFileType</key>
			<string>sourcecode.c.h</string>
			<key>path</key>
			<string>SystemEnteraceModel.h</string>
			<key>sourceTree</key>
			<string>&lt;group&gt;</string>
		</dict>
		<key>859E1CB21ADCC61D00761AEB</key>
		<dict>
			<key>fileEncoding</key>
			<string>4</string>
			<key>isa</key>
			<string>PBXFileReference</string>
			<key>lastKnownFileType</key>
			<string>sourcecode.c.objc</string>
			<key>path</key>
			<string>SystemEnteraceModel.m</string>
			<key>sourceTree</key>
			<string>&lt;group&gt;</string>
		</dict>
		<key>859E1CB31ADCC61D00761AEB</key>
		<dict>
			<key>fileRef</key>
			<string>859E1CB21ADCC61D00761AEB</string>
			<key>isa</key>
			<string>PBXBuildFile</string>
		</dict>
		<key>859E1CB41ADCC87600761AEB</key>
		<dict>
			<key>fileEncoding</key>
			<string>4</string>
			<key>isa</key>
			<string>PBXFileReference</string>
			<key>lastKnownFileType</key>
			<string>sourcecode.c.h</string>
			<key>path</key>
			<string>PaymentEnteraceModel.h</string>
			<key>sourceTree</key>
			<string>&lt;group&gt;</string>
		</dict>
		<key>859E1CB51ADCC87600761AEB</key>
		<dict>
			<key>fileEncoding</key>
			<string>4</string>
			<key>isa</key>
			<string>PBXFileReference</string>
			<key>lastKnownFileType</key>
			<string>sourcecode.c.objc</string>
			<key>path</key>
			<string>PaymentEnteraceModel.m</string>
			<key>sourceTree</key>
			<string>&lt;group&gt;</string>
		</dict>
		<key>859E1CB61ADCC87600761AEB</key>
		<dict>
			<key>fileRef</key>
			<string>859E1CB51ADCC87600761AEB</string>
			<key>isa</key>
			<string>PBXBuildFile</string>
		</dict>
		<key>859E1CB71ADCC88800761AEB</key>
		<dict>
			<key>fileEncoding</key>
			<string>4</string>
			<key>isa</key>
			<string>PBXFileReference</string>
			<key>lastKnownFileType</key>
			<string>sourcecode.c.h</string>
			<key>path</key>
			<string>AccountEnteraceModel.h</string>
			<key>sourceTree</key>
			<string>&lt;group&gt;</string>
		</dict>
		<key>859E1CB81ADCC88800761AEB</key>
		<dict>
			<key>fileEncoding</key>
			<string>4</string>
			<key>isa</key>
			<string>PBXFileReference</string>
			<key>lastKnownFileType</key>
			<string>sourcecode.c.objc</string>
			<key>path</key>
			<string>AccountEnteraceModel.m</string>
			<key>sourceTree</key>
			<string>&lt;group&gt;</string>
		</dict>
		<key>859E1CB91ADCC88800761AEB</key>
		<dict>
			<key>fileRef</key>
			<string>859E1CB81ADCC88800761AEB</string>
			<key>isa</key>
			<string>PBXBuildFile</string>
		</dict>
		<key>859E1CBA1ADCE05E00761AEB</key>
		<dict>
			<key>children</key>
			<array>
				<string>859E1CBB1ADCE07100761AEB</string>
				<string>859E1CBC1ADCE07100761AEB</string>
				<string>859E1CBE1ADCE1A700761AEB</string>
				<string>859E1CBF1ADCE1A700761AEB</string>
			</array>
			<key>isa</key>
			<string>PBXGroup</string>
			<key>name</key>
			<string>BaseClass</string>
			<key>path</key>
			<string>BaseClass</string>
			<key>sourceTree</key>
			<string>&lt;group&gt;</string>
		</dict>
		<key>859E1CBB1ADCE07100761AEB</key>
		<dict>
			<key>fileEncoding</key>
			<string>4</string>
			<key>isa</key>
			<string>PBXFileReference</string>
			<key>lastKnownFileType</key>
			<string>sourcecode.c.h</string>
			<key>path</key>
			<string>BaseViewController.h</string>
			<key>sourceTree</key>
			<string>&lt;group&gt;</string>
		</dict>
		<key>859E1CBC1ADCE07100761AEB</key>
		<dict>
			<key>fileEncoding</key>
			<string>4</string>
			<key>isa</key>
			<string>PBXFileReference</string>
			<key>lastKnownFileType</key>
			<string>sourcecode.c.objc</string>
			<key>path</key>
			<string>BaseViewController.m</string>
			<key>sourceTree</key>
			<string>&lt;group&gt;</string>
		</dict>
		<key>859E1CBD1ADCE07100761AEB</key>
		<dict>
			<key>fileRef</key>
			<string>859E1CBC1ADCE07100761AEB</string>
			<key>isa</key>
			<string>PBXBuildFile</string>
		</dict>
		<key>859E1CBE1ADCE1A700761AEB</key>
		<dict>
			<key>fileEncoding</key>
			<string>4</string>
			<key>isa</key>
			<string>PBXFileReference</string>
			<key>lastKnownFileType</key>
			<string>sourcecode.c.h</string>
			<key>path</key>
			<string>BaseDataModel.h</string>
			<key>sourceTree</key>
			<string>&lt;group&gt;</string>
		</dict>
		<key>859E1CBF1ADCE1A700761AEB</key>
		<dict>
			<key>fileEncoding</key>
			<string>4</string>
			<key>isa</key>
			<string>PBXFileReference</string>
			<key>lastKnownFileType</key>
			<string>sourcecode.c.objc</string>
			<key>path</key>
			<string>BaseDataModel.m</string>
			<key>sourceTree</key>
			<string>&lt;group&gt;</string>
		</dict>
		<key>859E1CC01ADCE1A700761AEB</key>
		<dict>
			<key>fileRef</key>
			<string>859E1CBF1ADCE1A700761AEB</string>
			<key>isa</key>
			<string>PBXBuildFile</string>
		</dict>
		<key>859E1CC11ADCE3E700761AEB</key>
		<dict>
			<key>children</key>
			<array>
				<string>859E1CBA1ADCE05E00761AEB</string>
				<string>859E1CAD1ADCB61B00761AEB</string>
				<string>859E1CAE1ADCB67E00761AEB</string>
				<string>859E1CA71ADCB41C00761AEB</string>
				<string>859E1CA81ADCB41C00761AEB</string>
				<string>859E1CAA1ADCB58B00761AEB</string>
				<string>859E1CAB1ADCB58B00761AEB</string>
				<string>8591F3E51AFB3745003389FC</string>
				<string>8591F3E61AFB3745003389FC</string>
			</array>
			<key>isa</key>
			<string>PBXGroup</string>
			<key>name</key>
			<string>Router</string>
			<key>path</key>
			<string>Router</string>
			<key>sourceTree</key>
			<string>&lt;group&gt;</string>
		</dict>
		<key>BDACE4B6FE57E30BE92A1950</key>
		<dict>
			<key>children</key>
			<array>
				<string>3E3F8687590014A3B0AC68BA</string>
			</array>
			<key>isa</key>
			<string>PBXGroup</string>
			<key>name</key>
			<string>Frameworks</string>
			<key>sourceTree</key>
			<string>&lt;group&gt;</string>
		</dict>
		<key>C0D58F8CB2827730A473D069</key>
		<dict>
			<key>children</key>
			<array>
				<string>0C66E6ED6F69004D1B7ECF2E</string>
				<string>07F7CB067DB88F6EF1E420C7</string>
			</array>
			<key>isa</key>
			<string>PBXGroup</string>
			<key>name</key>
			<string>Pods</string>
			<key>sourceTree</key>
			<string>&lt;group&gt;</string>
		</dict>
	</dict>
	<key>rootObject</key>
	<string>856433691ADB5EE100236735</string>
</dict>
</plist>
